
Microsoft Visual Studio Solution File, Format Version 12.00
# Visual Studio 15
VisualStudioVersion = 15.0.28307.168
MinimumVisualStudioVersion = 10.0.40219.1
Project("{FAE04EC0-301F-11D3-BF4B-00C04F79EFBC}") = "CoreSample", "CoreSample\CoreSample.csproj", "{314DD3FC-C825-43C5-92A4-3B5DFED6D5C1}"
EndProject
Global
	GlobalSection(SolutionConfigurationPlatforms) = preSolution
		Debug|Any CPU = Debug|Any CPU
		Release|Any CPU = Release|Any CPU
	EndGlobalSection
	GlobalSection(ProjectConfigurationPlatforms) = postSolution
		{314DD3FC-C825-43C5-92A4-3B5DFED6D5C1}.Debug|Any CPU.ActiveCfg = Debug|Any CPU
		{314DD3FC-C825-43C5-92A4-3B5DFED6D5C1}.Debug|Any CPU.Build.0 = Debug|Any CPU
		{314DD3FC-C825-43C5-92A4-3B5DFED6D5C1}.Release|Any CPU.ActiveCfg = Release|Any CPU
		{314DD3FC-C825-43C5-92A4-3B5DFED6D5C1}.Release|Any CPU.Build.0 = Release|Any CPU
	EndGlobalSection
	GlobalSection(SolutionProperties) = preSolution
		HideSolutionNode = FALSE
	EndGlobalSection
	GlobalSection(ExtensibilityGlobals) = postSolution
		SolutionGuid = {88829EC8-7D3C-4D75-ADE9-5F34E2DD3164}
	EndGlobalSection
EndGlobal
